<?xml version="1.0" encoding="utf-8"?>
<Project ToolsVersion="15.0" xmlns="http://schemas.microsoft.com/developer/msbuild/2003">
  <ItemGroup>
    <Filter Include="UI">
      <UniqueIdentifier>{e3467b78-3a66-4083-872e-c0de25efa1f8}</UniqueIdentifier>
    </Filter>
    <Filter Include="Generated Files">
      <UniqueIdentifier>{926ab91d-31b4-48c3-b9a4-e681349f27f0}</UniqueIdentifier>
    </Filter>
    <Filter Include="Storage">
      <UniqueIdentifier>{e5424560-e0f5-4540-833d-f318f65edc80}</UniqueIdentifier>
    </Filter>
    <Filter Include="Imaging">
      <UniqueIdentifier>{419a548f-56eb-4cfc-855d-d6da7847cf3a}</UniqueIdentifier>
    </Filter>
    <Filter Include="UI\Input">
      <UniqueIdentifier>{bc0906ea-cd09-4eb6-9e18-09c3cc7d72af}</UniqueIdentifier>
    </Filter>
    <Filter Include="ApplicationModel">
      <UniqueIdentifier>{a4e30534-44bb-4022-a65a-209282212388}</UniqueIdentifier>
    </Filter>
    <Filter Include="System">
      <UniqueIdentifier>{d14577f3-68a8-4c5b-8eda-5998d52117b3}</UniqueIdentifier>
    </Filter>
    <Filter Include="Runtime">
      <UniqueIdentifier>{751f88c8-284a-4ded-a6d0-b8d6934c4a21}</UniqueIdentifier>
    </Filter>
    <Filter Include="Lifecycle">
      <UniqueIdentifier>{2c787057-96e1-45a1-95cf-a4e6b073db0d}</UniqueIdentifier>
    </Filter>
  </ItemGroup>
  <ItemGroup>
    <ClCompile Include="ViewService.cpp">
      <Filter>UI</Filter>
    </ClCompile>
    <ClCompile Include="$(GeneratedFilesDir)module.g.cpp" />
    <ClCompile Include="pch.cpp" />
    <ClCompile Include="MachineInformation.cpp">
      <Filter>System</Filter>
    </ClCompile>
  </ItemGroup>
  <ItemGroup>
    <None Include="OneToolkit.def" />
    <None Include="PropertySheet.props" />
    <None Include="packages.config" />
  </ItemGroup>
  <ItemGroup>
    <ClInclude Include="pch.h" />
    <ClInclude Include="OneToolkit.h" />
    <ClInclude Include="MachineInformation.h">
      <Filter>System</Filter>
    </ClInclude>
    <ClInclude Include="TypeCache.h">
      <Filter>Lifecycle</Filter>
    </ClInclude>
  </ItemGroup>
  <ItemGroup>
    <Midl Include="FontHelper.idl">
      <Filter>UI</Filter>
    </Midl>
    <Midl Include="BufferHelper.idl">
      <Filter>Storage</Filter>
    </Midl>
    <Midl Include="ViewService.idl">
      <Filter>UI</Filter>
    </Midl>
    <Midl Include="MemoryBufferHelper.idl">
      <Filter>Storage</Filter>
    </Midl>
    <Midl Include="FileHandle.idl">
      <Filter>Storage</Filter>
    </Midl>
    <Midl Include="ImageResizer.idl">
      <Filter>Imaging</Filter>
    </Midl>
    <Midl Include="SettingsService.idl">
      <Filter>Storage</Filter>
    </Midl>
    <Midl Include="CropDialog.idl">
      <Filter>Imaging</Filter>
    </Midl>
    <Midl Include="UISettingsHelper.idl">
      <Filter>UI</Filter>
    </Midl>
    <Midl Include="SharedFile.idl">
      <Filter>Storage</Filter>
    </Midl>
    <Midl Include="KeyStateHelper.idl">
      <Filter>UI\Input</Filter>
    </Midl>
    <Midl Include="NavigationType.idl">
      <Filter>UI</Filter>
    </Midl>
    <Midl Include="PackageVersionHelper.idl">
      <Filter>ApplicationModel</Filter>
    </Midl>
    <Midl Include="MachineInformation.idl">
      <Filter>System</Filter>
    </Midl>
    <Midl Include="TabSwitcher.idl">
      <Filter>UI\Input</Filter>
    </Midl>
    <Midl Include="TypeNameHelper.idl">
      <Filter>Runtime</Filter>
    </Midl>
    <Midl Include="Converters.idl">
      <Filter>UI</Filter>
    </Midl>
    <Midl Include="FileSizeHelper.idl">
      <Filter>Storage</Filter>
    </Midl>
    <Midl Include="Reflection.idl">
      <Filter>Runtime</Filter>
    </Midl>
    <Midl Include="ThemeHelper.idl">
      <Filter>UI</Filter>
    </Midl>
    <Midl Include="Lifecycle.idl">
      <Filter>Lifecycle</Filter>
    </Midl>
    <Midl Include="IStorageItemHandle.idl">
      <Filter>Storage</Filter>
    </Midl>
  </ItemGroup>
  <ItemGroup>
    <Text Include="readme.txt" />
  </ItemGroup>
</Project>