<?xml version="1.0" encoding="utf-8"?>
<Project ToolsVersion="15.0" xmlns="http://schemas.microsoft.com/developer/msbuild/2003">
  <ItemGroup>
    <Filter Include="UI">
      <UniqueIdentifier>{e3467b78-3a66-4083-872e-c0de25efa1f8}</UniqueIdentifier>
    </Filter>
    <Filter Include="Generated Files">
      <UniqueIdentifier>{926ab91d-31b4-48c3-b9a4-e681349f27f0}</UniqueIdentifier>
    </Filter>
    <Filter Include="Storage">
      <UniqueIdentifier>{e5424560-e0f5-4540-833d-f318f65edc80}</UniqueIdentifier>
    </Filter>
    <Filter Include="System">
      <UniqueIdentifier>{d14577f3-68a8-4c5b-8eda-5998d52117b3}</UniqueIdentifier>
    </Filter>
    <Filter Include="Media">
      <UniqueIdentifier>{0ad71127-7f6a-42a9-96ae-d597154e2978}</UniqueIdentifier>
    </Filter>
    <Filter Include="Modules">
      <UniqueIdentifier>{60256d7d-c40d-4d40-8270-f97923e6f4e3}</UniqueIdentifier>
      <Extensions>ixx</Extensions>
    </Filter>
    <Filter Include="UI\Windowing">
      <UniqueIdentifier>{957359e5-ef93-498e-9632-2067844d87ec}</UniqueIdentifier>
    </Filter>
    <Filter Include="Storage\Logging">
      <UniqueIdentifier>{8cc1292a-5ced-4dd7-aa24-e7aa1a2f7896}</UniqueIdentifier>
    </Filter>
    <Filter Include="UI\Theming">
      <UniqueIdentifier>{82f00acd-fdc0-45dd-bca2-86ce2b971322}</UniqueIdentifier>
    </Filter>
  </ItemGroup>
  <ItemGroup>
    <ClCompile Include="ViewService.cpp">
      <Filter>UI</Filter>
    </ClCompile>
    <ClCompile Include="$(GeneratedFilesDir)module.g.cpp" />
    <ClCompile Include="ViewService.cpp" />
    <ClCompile Include="StorageItemHandle.cpp">
      <Filter>Storage</Filter>
    </ClCompile>
    <ClCompile Include="..\juv\juv.ixx">
      <Filter>Modules</Filter>
    </ClCompile>
    <ClCompile Include="OneToolkit.ixx">
      <Filter>Modules</Filter>
    </ClCompile>
    <ClCompile Include="FileVersionInfo.cpp">
      <Filter>System</Filter>
    </ClCompile>
    <ClCompile Include="ViewReference.ixx">
      <Filter>UI\Windowing</Filter>
    </ClCompile>
    <ClCompile Include="ViewReferenceTitleBar.ixx">
      <Filter>UI\Windowing</Filter>
    </ClCompile>
    <ClCompile Include="DesktopApis.ixx">
      <Filter>Modules</Filter>
    </ClCompile>
  </ItemGroup>
  <ItemGroup>
    <None Include="PropertySheet.props" />
    <None Include="packages.config" />
    <None Include="OneToolkit.nuspec" />
    <None Include="OneToolkit.targets" />
  </ItemGroup>
  <ItemGroup>
    <ClInclude Include="OneToolkit.h" />
    <ClInclude Include="StorageItemHandle.h">
      <Filter>Storage</Filter>
    </ClInclude>
    <ClInclude Include="resource.h" />
    <ClInclude Include="WindowingBase.h">
      <Filter>UI\Windowing</Filter>
    </ClInclude>
    <ClInclude Include="FileVersionInfo.h">
      <Filter>System</Filter>
    </ClInclude>
    <ClInclude Include="FixedFileInfo.h">
      <Filter>System</Filter>
    </ClInclude>
    <ClInclude Include="LRUCache11.hpp" />
  </ItemGroup>
  <ItemGroup>
    <Midl Include="Fonts.idl">
      <Filter>UI</Filter>
    </Midl>
    <Midl Include="SystemInformation.idl">
      <Filter>System</Filter>
    </Midl>
    <Midl Include="PackageVersionHelper.idl">
      <Filter>System</Filter>
    </Midl>
    <Midl Include="Imaging.idl">
      <Filter>Media</Filter>
    </Midl>
    <Midl Include="StorageItemHandle.idl">
      <Filter>Storage</Filter>
    </Midl>
    <Midl Include="AppInformation.idl">
      <Filter>System</Filter>
    </Midl>
    <Midl Include="ViewReferenceTitleBar.idl">
      <Filter>UI\Windowing</Filter>
    </Midl>
    <Midl Include="ViewReference.idl">
      <Filter>UI\Windowing</Filter>
    </Midl>
    <Midl Include="ViewService.idl">
      <Filter>UI\Windowing</Filter>
    </Midl>
    <Midl Include="Logger.idl">
      <Filter>Storage\Logging</Filter>
    </Midl>
    <Midl Include="AppLifecycleHelper.idl">
      <Filter>System</Filter>
    </Midl>
    <Midl Include="ThemeConverter.idl">
      <Filter>UI\Theming</Filter>
    </Midl>
    <Midl Include="ThemeService.idl">
      <Filter>UI\Theming</Filter>
    </Midl>
  </ItemGroup>
  <ItemGroup>
    <Xml Include="OneToolkit.xml" />
  </ItemGroup>
  <ItemGroup>
    <ResourceCompile Include="Resource.rc" />
  </ItemGroup>
</Project>