<?xml version="1.0" encoding="utf-8"?>
<Project ToolsVersion="15.0" xmlns="http://schemas.microsoft.com/developer/msbuild/2003">
  <ItemGroup>
    <Filter Include="UI">
      <UniqueIdentifier>{e3467b78-3a66-4083-872e-c0de25efa1f8}</UniqueIdentifier>
    </Filter>
    <Filter Include="Data">
      <UniqueIdentifier>{e6735ca6-e455-4c16-bf52-23a6f2ad2c27}</UniqueIdentifier>
    </Filter>
    <Filter Include="Data\Text">
      <UniqueIdentifier>{db5eb1e4-c183-41d7-bb8e-3def702fdc5c}</UniqueIdentifier>
    </Filter>
    <Filter Include="Generated Files">
      <UniqueIdentifier>{926ab91d-31b4-48c3-b9a4-e681349f27f0}</UniqueIdentifier>
    </Filter>
    <Filter Include="Storage">
      <UniqueIdentifier>{e5424560-e0f5-4540-833d-f318f65edc80}</UniqueIdentifier>
    </Filter>
    <Filter Include="Imaging">
      <UniqueIdentifier>{419a548f-56eb-4cfc-855d-d6da7847cf3a}</UniqueIdentifier>
    </Filter>
    <Filter Include="UI\Converters">
      <UniqueIdentifier>{feb095f9-ba10-433b-b285-5b5e85d33fc1}</UniqueIdentifier>
    </Filter>
    <Filter Include="UI\Input">
      <UniqueIdentifier>{bc0906ea-cd09-4eb6-9e18-09c3cc7d72af}</UniqueIdentifier>
    </Filter>
    <Filter Include="ApplicationModel">
      <UniqueIdentifier>{a4e30534-44bb-4022-a65a-209282212388}</UniqueIdentifier>
    </Filter>
  </ItemGroup>
  <ItemGroup>
    <ClCompile Include="ViewService.cpp">
      <Filter>UI</Filter>
    </ClCompile>
    <ClCompile Include="$(GeneratedFilesDir)module.g.cpp" />
    <ClCompile Include="pch.cpp" />
    <ClCompile Include="ViewServiceDesktop.cpp">
      <Filter>UI</Filter>
    </ClCompile>
    <ClCompile Include="ViewServiceUniversal.cpp">
      <Filter>UI</Filter>
    </ClCompile>
  </ItemGroup>
  <ItemGroup>
    <None Include="packages.config" />
    <None Include="OneToolkit.def" />
    <None Include="PropertySheet.props" />
  </ItemGroup>
  <ItemGroup>
    <ClInclude Include="pch.h" />
    <ClInclude Include="ViewServiceDesktop.h">
      <Filter>UI</Filter>
    </ClInclude>
    <ClInclude Include="ViewServiceUniversal.h">
      <Filter>UI</Filter>
    </ClInclude>
    <ClInclude Include="OneToolkit.h" />
    <ClInclude Include="ViewServiceBase.h">
      <Filter>UI</Filter>
    </ClInclude>
  </ItemGroup>
  <ItemGroup>
    <Midl Include="StringOperations.idl">
      <Filter>Data\Text</Filter>
    </Midl>
    <Midl Include="FontHelper.idl">
      <Filter>UI</Filter>
    </Midl>
    <Midl Include="BufferHelper.idl">
      <Filter>Storage</Filter>
    </Midl>
    <Midl Include="ViewService.idl">
      <Filter>UI</Filter>
    </Midl>
    <Midl Include="TextEncodingHelper.idl">
      <Filter>Data\Text</Filter>
    </Midl>
    <Midl Include="MemoryBufferHelper.idl">
      <Filter>Storage</Filter>
    </Midl>
    <Midl Include="FileHandle.idl">
      <Filter>Storage</Filter>
    </Midl>
    <Midl Include="ImageResizer.idl">
      <Filter>Imaging</Filter>
    </Midl>
    <Midl Include="SettingsService.idl">
      <Filter>Storage</Filter>
    </Midl>
    <Midl Include="Lifecycle.idl" />
    <Midl Include="CropDialog.idl">
      <Filter>Imaging</Filter>
    </Midl>
    <Midl Include="UISettingsHelper.idl">
      <Filter>UI</Filter>
    </Midl>
    <Midl Include="StringLocalizationConverter.idl">
      <Filter>UI\Converters</Filter>
    </Midl>
    <Midl Include="SharedFile.idl">
      <Filter>Storage</Filter>
    </Midl>
    <Midl Include="KeyStateHelper.idl">
      <Filter>UI\Input</Filter>
    </Midl>
    <Midl Include="AppInformation.idl">
      <Filter>ApplicationModel</Filter>
    </Midl>
  </ItemGroup>
  <ItemGroup>
    <Text Include="readme.txt" />
  </ItemGroup>
</Project>