
Microsoft Visual Studio Solution File, Format Version 12.00
# Visual Studio Version 16
VisualStudioVersion = 16.0.31025.194
MinimumVisualStudioVersion = 10.0.40219.1
Project("{8BC9CEB8-8B4A-11D0-8D11-00A0C91BC942}") = "OneToolkit", "OneToolkit\OneToolkit.vcxproj", "{0DD5EDD3-19B8-4924-8DF1-ADD70803E693}"
EndProject
Project("{9A19103F-16F7-4668-BE54-9A1E7A4F7556}") = "OneToolkit.Mvvm.Dotnet", "JuvMvvmManaged\OneToolkit.Mvvm.Dotnet.csproj", "{E5CD3495-9BFA-467C-8A40-F03858B00CD9}"
EndProject
Project("{8BC9CEB8-8B4A-11D0-8D11-00A0C91BC942}") = "OneToolkit.Showcase", "Showcase\Showcase.vcxproj", "{19EEF3ED-242F-47B4-AF67-538E062F5A8F}"
EndProject
Project("{8BC9CEB8-8B4A-11D0-8D11-00A0C91BC942}") = "OneToolkit.UI.Controls.Uwp", "JuvControls.Uwp\JuvControls.Uwp.vcxproj", "{95B918E4-AD86-45A6-BE1A-77399535BAD2}"
EndProject
Global
	GlobalSection(SolutionConfigurationPlatforms) = preSolution
		Debug|Any CPU = Debug|Any CPU
		Debug|ARM = Debug|ARM
		Debug|ARM64 = Debug|ARM64
		Debug|x64 = Debug|x64
		Debug|x86 = Debug|x86
		Release|Any CPU = Release|Any CPU
		Release|ARM = Release|ARM
		Release|ARM64 = Release|ARM64
		Release|x64 = Release|x64
		Release|x86 = Release|x86
	EndGlobalSection
	GlobalSection(ProjectConfigurationPlatforms) = postSolution
		{0DD5EDD3-19B8-4924-8DF1-ADD70803E693}.Debug|Any CPU.ActiveCfg = Debug|Win32
		{0DD5EDD3-19B8-4924-8DF1-ADD70803E693}.Debug|ARM.ActiveCfg = Debug|ARM
		{0DD5EDD3-19B8-4924-8DF1-ADD70803E693}.Debug|ARM.Build.0 = Debug|ARM
		{0DD5EDD3-19B8-4924-8DF1-ADD70803E693}.Debug|ARM64.ActiveCfg = Debug|ARM64
		{0DD5EDD3-19B8-4924-8DF1-ADD70803E693}.Debug|ARM64.Build.0 = Debug|ARM64
		{0DD5EDD3-19B8-4924-8DF1-ADD70803E693}.Debug|x64.ActiveCfg = Debug|x64
		{0DD5EDD3-19B8-4924-8DF1-ADD70803E693}.Debug|x64.Build.0 = Debug|x64
		{0DD5EDD3-19B8-4924-8DF1-ADD70803E693}.Debug|x86.ActiveCfg = Debug|Win32
		{0DD5EDD3-19B8-4924-8DF1-ADD70803E693}.Debug|x86.Build.0 = Debug|Win32
		{0DD5EDD3-19B8-4924-8DF1-ADD70803E693}.Release|Any CPU.ActiveCfg = Release|Win32
		{0DD5EDD3-19B8-4924-8DF1-ADD70803E693}.Release|Any CPU.Build.0 = Release|Win32
		{0DD5EDD3-19B8-4924-8DF1-ADD70803E693}.Release|ARM.ActiveCfg = Release|ARM
		{0DD5EDD3-19B8-4924-8DF1-ADD70803E693}.Release|ARM.Build.0 = Release|ARM
		{0DD5EDD3-19B8-4924-8DF1-ADD70803E693}.Release|ARM64.ActiveCfg = Release|ARM64
		{0DD5EDD3-19B8-4924-8DF1-ADD70803E693}.Release|ARM64.Build.0 = Release|ARM64
		{0DD5EDD3-19B8-4924-8DF1-ADD70803E693}.Release|x64.ActiveCfg = Release|x64
		{0DD5EDD3-19B8-4924-8DF1-ADD70803E693}.Release|x64.Build.0 = Release|x64
		{0DD5EDD3-19B8-4924-8DF1-ADD70803E693}.Release|x86.ActiveCfg = Release|Win32
		{0DD5EDD3-19B8-4924-8DF1-ADD70803E693}.Release|x86.Build.0 = Release|Win32
		{E5CD3495-9BFA-467C-8A40-F03858B00CD9}.Debug|Any CPU.ActiveCfg = Debug|Any CPU
		{E5CD3495-9BFA-467C-8A40-F03858B00CD9}.Debug|ARM.ActiveCfg = Debug|Any CPU
		{E5CD3495-9BFA-467C-8A40-F03858B00CD9}.Debug|ARM.Build.0 = Debug|Any CPU
		{E5CD3495-9BFA-467C-8A40-F03858B00CD9}.Debug|ARM64.ActiveCfg = Debug|Any CPU
		{E5CD3495-9BFA-467C-8A40-F03858B00CD9}.Debug|ARM64.Build.0 = Debug|Any CPU
		{E5CD3495-9BFA-467C-8A40-F03858B00CD9}.Debug|x64.ActiveCfg = Debug|Any CPU
		{E5CD3495-9BFA-467C-8A40-F03858B00CD9}.Debug|x64.Build.0 = Debug|Any CPU
		{E5CD3495-9BFA-467C-8A40-F03858B00CD9}.Debug|x86.ActiveCfg = Debug|Any CPU
		{E5CD3495-9BFA-467C-8A40-F03858B00CD9}.Debug|x86.Build.0 = Debug|Any CPU
		{E5CD3495-9BFA-467C-8A40-F03858B00CD9}.Release|Any CPU.ActiveCfg = Release|Any CPU
		{E5CD3495-9BFA-467C-8A40-F03858B00CD9}.Release|Any CPU.Build.0 = Release|Any CPU
		{E5CD3495-9BFA-467C-8A40-F03858B00CD9}.Release|ARM.ActiveCfg = Release|Any CPU
		{E5CD3495-9BFA-467C-8A40-F03858B00CD9}.Release|ARM.Build.0 = Release|Any CPU
		{E5CD3495-9BFA-467C-8A40-F03858B00CD9}.Release|ARM64.ActiveCfg = Release|Any CPU
		{E5CD3495-9BFA-467C-8A40-F03858B00CD9}.Release|ARM64.Build.0 = Release|Any CPU
		{E5CD3495-9BFA-467C-8A40-F03858B00CD9}.Release|x64.ActiveCfg = Release|Any CPU
		{E5CD3495-9BFA-467C-8A40-F03858B00CD9}.Release|x64.Build.0 = Release|Any CPU
		{E5CD3495-9BFA-467C-8A40-F03858B00CD9}.Release|x86.ActiveCfg = Release|Any CPU
		{E5CD3495-9BFA-467C-8A40-F03858B00CD9}.Release|x86.Build.0 = Release|Any CPU
		{19EEF3ED-242F-47B4-AF67-538E062F5A8F}.Debug|Any CPU.ActiveCfg = Debug|Win32
		{19EEF3ED-242F-47B4-AF67-538E062F5A8F}.Debug|Any CPU.Build.0 = Debug|Win32
		{19EEF3ED-242F-47B4-AF67-538E062F5A8F}.Debug|Any CPU.Deploy.0 = Debug|Win32
		{19EEF3ED-242F-47B4-AF67-538E062F5A8F}.Debug|ARM.ActiveCfg = Debug|ARM
		{19EEF3ED-242F-47B4-AF67-538E062F5A8F}.Debug|ARM.Build.0 = Debug|ARM
		{19EEF3ED-242F-47B4-AF67-538E062F5A8F}.Debug|ARM.Deploy.0 = Debug|ARM
		{19EEF3ED-242F-47B4-AF67-538E062F5A8F}.Debug|ARM64.ActiveCfg = Debug|ARM64
		{19EEF3ED-242F-47B4-AF67-538E062F5A8F}.Debug|ARM64.Build.0 = Debug|ARM64
		{19EEF3ED-242F-47B4-AF67-538E062F5A8F}.Debug|ARM64.Deploy.0 = Debug|ARM64
		{19EEF3ED-242F-47B4-AF67-538E062F5A8F}.Debug|x64.ActiveCfg = Debug|x64
		{19EEF3ED-242F-47B4-AF67-538E062F5A8F}.Debug|x64.Build.0 = Debug|x64
		{19EEF3ED-242F-47B4-AF67-538E062F5A8F}.Debug|x64.Deploy.0 = Debug|x64
		{19EEF3ED-242F-47B4-AF67-538E062F5A8F}.Debug|x86.ActiveCfg = Debug|Win32
		{19EEF3ED-242F-47B4-AF67-538E062F5A8F}.Debug|x86.Build.0 = Debug|Win32
		{19EEF3ED-242F-47B4-AF67-538E062F5A8F}.Debug|x86.Deploy.0 = Debug|Win32
		{19EEF3ED-242F-47B4-AF67-538E062F5A8F}.Release|Any CPU.ActiveCfg = Release|Win32
		{19EEF3ED-242F-47B4-AF67-538E062F5A8F}.Release|Any CPU.Build.0 = Release|Win32
		{19EEF3ED-242F-47B4-AF67-538E062F5A8F}.Release|Any CPU.Deploy.0 = Release|Win32
		{19EEF3ED-242F-47B4-AF67-538E062F5A8F}.Release|ARM.ActiveCfg = Release|ARM
		{19EEF3ED-242F-47B4-AF67-538E062F5A8F}.Release|ARM.Build.0 = Release|ARM
		{19EEF3ED-242F-47B4-AF67-538E062F5A8F}.Release|ARM.Deploy.0 = Release|ARM
		{19EEF3ED-242F-47B4-AF67-538E062F5A8F}.Release|ARM64.ActiveCfg = Release|ARM64
		{19EEF3ED-242F-47B4-AF67-538E062F5A8F}.Release|ARM64.Build.0 = Release|ARM64
		{19EEF3ED-242F-47B4-AF67-538E062F5A8F}.Release|ARM64.Deploy.0 = Release|ARM64
		{19EEF3ED-242F-47B4-AF67-538E062F5A8F}.Release|x64.ActiveCfg = Release|x64
		{19EEF3ED-242F-47B4-AF67-538E062F5A8F}.Release|x64.Build.0 = Release|x64
		{19EEF3ED-242F-47B4-AF67-538E062F5A8F}.Release|x64.Deploy.0 = Release|x64
		{19EEF3ED-242F-47B4-AF67-538E062F5A8F}.Release|x86.ActiveCfg = Release|Win32
		{19EEF3ED-242F-47B4-AF67-538E062F5A8F}.Release|x86.Build.0 = Release|Win32
		{19EEF3ED-242F-47B4-AF67-538E062F5A8F}.Release|x86.Deploy.0 = Release|Win32
		{95B918E4-AD86-45A6-BE1A-77399535BAD2}.Debug|Any CPU.ActiveCfg = Debug|Win32
		{95B918E4-AD86-45A6-BE1A-77399535BAD2}.Debug|Any CPU.Build.0 = Debug|Win32
		{95B918E4-AD86-45A6-BE1A-77399535BAD2}.Debug|ARM.ActiveCfg = Debug|ARM
		{95B918E4-AD86-45A6-BE1A-77399535BAD2}.Debug|ARM.Build.0 = Debug|ARM
		{95B918E4-AD86-45A6-BE1A-77399535BAD2}.Debug|ARM64.ActiveCfg = Debug|ARM64
		{95B918E4-AD86-45A6-BE1A-77399535BAD2}.Debug|ARM64.Build.0 = Debug|ARM64
		{95B918E4-AD86-45A6-BE1A-77399535BAD2}.Debug|x64.ActiveCfg = Debug|x64
		{95B918E4-AD86-45A6-BE1A-77399535BAD2}.Debug|x64.Build.0 = Debug|x64
		{95B918E4-AD86-45A6-BE1A-77399535BAD2}.Debug|x86.ActiveCfg = Debug|Win32
		{95B918E4-AD86-45A6-BE1A-77399535BAD2}.Debug|x86.Build.0 = Debug|Win32
		{95B918E4-AD86-45A6-BE1A-77399535BAD2}.Release|Any CPU.ActiveCfg = Release|Win32
		{95B918E4-AD86-45A6-BE1A-77399535BAD2}.Release|Any CPU.Build.0 = Release|Win32
		{95B918E4-AD86-45A6-BE1A-77399535BAD2}.Release|ARM.ActiveCfg = Release|ARM
		{95B918E4-AD86-45A6-BE1A-77399535BAD2}.Release|ARM.Build.0 = Release|ARM
		{95B918E4-AD86-45A6-BE1A-77399535BAD2}.Release|ARM64.ActiveCfg = Release|ARM64
		{95B918E4-AD86-45A6-BE1A-77399535BAD2}.Release|ARM64.Build.0 = Release|ARM64
		{95B918E4-AD86-45A6-BE1A-77399535BAD2}.Release|x64.ActiveCfg = Release|x64
		{95B918E4-AD86-45A6-BE1A-77399535BAD2}.Release|x64.Build.0 = Release|x64
		{95B918E4-AD86-45A6-BE1A-77399535BAD2}.Release|x86.ActiveCfg = Release|Win32
		{95B918E4-AD86-45A6-BE1A-77399535BAD2}.Release|x86.Build.0 = Release|Win32
	EndGlobalSection
	GlobalSection(SolutionProperties) = preSolution
		HideSolutionNode = FALSE
	EndGlobalSection
	GlobalSection(ExtensibilityGlobals) = postSolution
		SolutionGuid = {F23AB104-4138-4C8F-A8E0-32B9AF58F7E2}
	EndGlobalSection
EndGlobal
