
Microsoft Visual Studio Solution File, Format Version 12.00
# Visual Studio Version 17
VisualStudioVersion = 17.0.31903.59
MinimumVisualStudioVersion = 10.0.40219.1
Project("{8BC9CEB8-8B4A-11D0-8D11-00A0C91BC942}") = "OneToolkit", "OneToolkit\OneToolkit.vcxproj", "{0DD5EDD3-19B8-4924-8DF1-ADD70803E693}"
EndProject
Project("{9A19103F-16F7-4668-BE54-9A1E7A4F7556}") = "OneToolkit.Dotnet", "OneToolkit.Dotnet\OneToolkit.Dotnet.csproj", "{EF690EBE-5BFE-428E-9E39-D0EF06B1FD1C}"
EndProject
Project("{2150E333-8FDC-42A3-9474-1A3956D46DE8}") = "juv", "juv", "{A31BD13B-9396-4772-B6A9-4C61343A72AC}"
	ProjectSection(SolutionItems) = preProject
		juv\build.cmd = juv\build.cmd
		juv\debug-trap.h = juv\debug-trap.h
		juv\juv.h = juv\juv.h
		juv\juv.ixx = juv\juv.ixx
		juv\juv.nuspec = juv\juv.nuspec
		juv\juv.props = juv\juv.props
	EndProjectSection
EndProject
Project("{FAE04EC0-301F-11D3-BF4B-00C04F79EFBC}") = "OneToolkit.Showcase", "OneToolkit.Showcase\OneToolkit.Showcase.csproj", "{07E880F8-3550-49C3-86DB-B8F0F3513398}"
EndProject
Project("{9A19103F-16F7-4668-BE54-9A1E7A4F7556}") = "OneToolkit.DocsCore", "OneToolkit.DocsCore\OneToolkit.DocsCore.csproj", "{F1747D4A-9DA9-4E3E-89C1-417DE90BC35D}"
EndProject
Project("{2150E333-8FDC-42A3-9474-1A3956D46DE8}") = "Tests", "Tests", "{BD08EAB8-F934-4D7F-8185-B2E5FC6C9207}"
EndProject
Project("{9A19103F-16F7-4668-BE54-9A1E7A4F7556}") = "OneToolkit.Dotnet.UnitTest", "OneToolkit.Dotnet.UnitTest\OneToolkit.Dotnet.UnitTest.csproj", "{5E21AC97-D3F5-4496-887F-27AB9F024AE6}"
EndProject
Project("{2150E333-8FDC-42A3-9474-1A3956D46DE8}") = "OneToolkit.UI.Xaml", "OneToolkit.UI.Xaml", "{03DCFC7C-7A64-4367-BEA0-1CCE5FFD1BB6}"
EndProject
Project("{FAE04EC0-301F-11D3-BF4B-00C04F79EFBC}") = "OneToolkit.TextEditor.Uwp", "OneToolkit.UI.Xaml\TextEditor.Uwp\OneToolkit.TextEditor.Uwp.csproj", "{2C931298-EEF0-4DCE-8B23-09735EDFF721}"
EndProject
Project("{FAE04EC0-301F-11D3-BF4B-00C04F79EFBC}") = "OneToolkit.XamlConverters.Uwp", "OneToolkit.UI.Xaml\XamlConverters.Uwp\OneToolkit.XamlConverters.Uwp.csproj", "{4FD28559-2721-4935-985E-37EA9EAD9474}"
EndProject
Project("{2150E333-8FDC-42A3-9474-1A3956D46DE8}") = "Solution Items", "Solution Items", "{0E203EE1-8086-485F-A188-072177EFD99A}"
	ProjectSection(SolutionItems) = preProject
		.editorconfig = .editorconfig
	EndProjectSection
EndProject
Project("{8BC9CEB8-8B4A-11D0-8D11-00A0C91BC942}") = "OneToolkit.UI.Xaml.Shared", "OneToolkit.UI.Xaml\Shared\OneToolkit.UI.Xaml.Shared.vcxitems", "{8F018EB9-C80F-403E-9476-13C7AF342CAF}"
EndProject
Project("{8BC9CEB8-8B4A-11D0-8D11-00A0C91BC942}") = "OneToolkit.UI.Xaml.Uwp", "OneToolkit.UI.Xaml\Uwp\OneToolkit.UI.Xaml.Uwp.vcxproj", "{95B918E4-AD86-45A6-BE1A-77399535BAD2}"
EndProject
Project("{8BC9CEB8-8B4A-11D0-8D11-00A0C91BC942}") = "OneToolkit.Cpp.UnitTest", "OneToolkit.Cpp.UnitTest\OneToolkit.Cpp.UnitTest.vcxproj", "{2AC34852-36E1-4F04-A576-7765B487C3F1}"
EndProject
Global
	GlobalSection(SharedMSBuildProjectFiles) = preSolution
		OneToolkit.UI.Xaml\Shared\OneToolkit.UI.Xaml.Shared.vcxitems*{8f018eb9-c80f-403e-9476-13c7af342caf}*SharedItemsImports = 9
		OneToolkit.UI.Xaml\Shared\OneToolkit.UI.Xaml.Shared.vcxitems*{95b918e4-ad86-45a6-be1a-77399535bad2}*SharedItemsImports = 4
	EndGlobalSection
	GlobalSection(SolutionConfigurationPlatforms) = preSolution
		Debug|Any CPU = Debug|Any CPU
		Debug|ARM = Debug|ARM
		Debug|ARM64 = Debug|ARM64
		Debug|x64 = Debug|x64
		Debug|x86 = Debug|x86
		Release|Any CPU = Release|Any CPU
		Release|ARM = Release|ARM
		Release|ARM64 = Release|ARM64
		Release|x64 = Release|x64
		Release|x86 = Release|x86
	EndGlobalSection
	GlobalSection(ProjectConfigurationPlatforms) = postSolution
		{0DD5EDD3-19B8-4924-8DF1-ADD70803E693}.Debug|Any CPU.ActiveCfg = Debug|x64
		{0DD5EDD3-19B8-4924-8DF1-ADD70803E693}.Debug|Any CPU.Build.0 = Debug|x64
		{0DD5EDD3-19B8-4924-8DF1-ADD70803E693}.Debug|ARM.ActiveCfg = Debug|ARM
		{0DD5EDD3-19B8-4924-8DF1-ADD70803E693}.Debug|ARM.Build.0 = Debug|ARM
		{0DD5EDD3-19B8-4924-8DF1-ADD70803E693}.Debug|ARM64.ActiveCfg = Debug|ARM64
		{0DD5EDD3-19B8-4924-8DF1-ADD70803E693}.Debug|ARM64.Build.0 = Debug|ARM64
		{0DD5EDD3-19B8-4924-8DF1-ADD70803E693}.Debug|x64.ActiveCfg = Debug|x64
		{0DD5EDD3-19B8-4924-8DF1-ADD70803E693}.Debug|x64.Build.0 = Debug|x64
		{0DD5EDD3-19B8-4924-8DF1-ADD70803E693}.Debug|x86.ActiveCfg = Debug|Win32
		{0DD5EDD3-19B8-4924-8DF1-ADD70803E693}.Debug|x86.Build.0 = Debug|Win32
		{0DD5EDD3-19B8-4924-8DF1-ADD70803E693}.Release|Any CPU.ActiveCfg = Release|x64
		{0DD5EDD3-19B8-4924-8DF1-ADD70803E693}.Release|Any CPU.Build.0 = Release|x64
		{0DD5EDD3-19B8-4924-8DF1-ADD70803E693}.Release|ARM.ActiveCfg = Release|ARM
		{0DD5EDD3-19B8-4924-8DF1-ADD70803E693}.Release|ARM.Build.0 = Release|ARM
		{0DD5EDD3-19B8-4924-8DF1-ADD70803E693}.Release|ARM64.ActiveCfg = Release|ARM64
		{0DD5EDD3-19B8-4924-8DF1-ADD70803E693}.Release|ARM64.Build.0 = Release|ARM64
		{0DD5EDD3-19B8-4924-8DF1-ADD70803E693}.Release|x64.ActiveCfg = Release|x64
		{0DD5EDD3-19B8-4924-8DF1-ADD70803E693}.Release|x64.Build.0 = Release|x64
		{0DD5EDD3-19B8-4924-8DF1-ADD70803E693}.Release|x86.ActiveCfg = Release|Win32
		{0DD5EDD3-19B8-4924-8DF1-ADD70803E693}.Release|x86.Build.0 = Release|Win32
		{EF690EBE-5BFE-428E-9E39-D0EF06B1FD1C}.Debug|Any CPU.ActiveCfg = Debug|Any CPU
		{EF690EBE-5BFE-428E-9E39-D0EF06B1FD1C}.Debug|Any CPU.Build.0 = Debug|Any CPU
		{EF690EBE-5BFE-428E-9E39-D0EF06B1FD1C}.Debug|ARM.ActiveCfg = Debug|Any CPU
		{EF690EBE-5BFE-428E-9E39-D0EF06B1FD1C}.Debug|ARM.Build.0 = Debug|Any CPU
		{EF690EBE-5BFE-428E-9E39-D0EF06B1FD1C}.Debug|ARM64.ActiveCfg = Debug|Any CPU
		{EF690EBE-5BFE-428E-9E39-D0EF06B1FD1C}.Debug|ARM64.Build.0 = Debug|Any CPU
		{EF690EBE-5BFE-428E-9E39-D0EF06B1FD1C}.Debug|x64.ActiveCfg = Debug|Any CPU
		{EF690EBE-5BFE-428E-9E39-D0EF06B1FD1C}.Debug|x64.Build.0 = Debug|Any CPU
		{EF690EBE-5BFE-428E-9E39-D0EF06B1FD1C}.Debug|x86.ActiveCfg = Debug|Any CPU
		{EF690EBE-5BFE-428E-9E39-D0EF06B1FD1C}.Debug|x86.Build.0 = Debug|Any CPU
		{EF690EBE-5BFE-428E-9E39-D0EF06B1FD1C}.Release|Any CPU.ActiveCfg = Release|Any CPU
		{EF690EBE-5BFE-428E-9E39-D0EF06B1FD1C}.Release|Any CPU.Build.0 = Release|Any CPU
		{EF690EBE-5BFE-428E-9E39-D0EF06B1FD1C}.Release|ARM.ActiveCfg = Release|Any CPU
		{EF690EBE-5BFE-428E-9E39-D0EF06B1FD1C}.Release|ARM.Build.0 = Release|Any CPU
		{EF690EBE-5BFE-428E-9E39-D0EF06B1FD1C}.Release|ARM64.ActiveCfg = Release|Any CPU
		{EF690EBE-5BFE-428E-9E39-D0EF06B1FD1C}.Release|ARM64.Build.0 = Release|Any CPU
		{EF690EBE-5BFE-428E-9E39-D0EF06B1FD1C}.Release|x64.ActiveCfg = Release|Any CPU
		{EF690EBE-5BFE-428E-9E39-D0EF06B1FD1C}.Release|x64.Build.0 = Release|Any CPU
		{EF690EBE-5BFE-428E-9E39-D0EF06B1FD1C}.Release|x86.ActiveCfg = Release|Any CPU
		{EF690EBE-5BFE-428E-9E39-D0EF06B1FD1C}.Release|x86.Build.0 = Release|Any CPU
		{07E880F8-3550-49C3-86DB-B8F0F3513398}.Debug|Any CPU.ActiveCfg = Debug|x64
		{07E880F8-3550-49C3-86DB-B8F0F3513398}.Debug|Any CPU.Build.0 = Debug|x64
		{07E880F8-3550-49C3-86DB-B8F0F3513398}.Debug|Any CPU.Deploy.0 = Debug|x64
		{07E880F8-3550-49C3-86DB-B8F0F3513398}.Debug|ARM.ActiveCfg = Debug|ARM
		{07E880F8-3550-49C3-86DB-B8F0F3513398}.Debug|ARM.Build.0 = Debug|ARM
		{07E880F8-3550-49C3-86DB-B8F0F3513398}.Debug|ARM64.ActiveCfg = Debug|ARM64
		{07E880F8-3550-49C3-86DB-B8F0F3513398}.Debug|ARM64.Build.0 = Debug|ARM64
		{07E880F8-3550-49C3-86DB-B8F0F3513398}.Debug|x64.ActiveCfg = Debug|x64
		{07E880F8-3550-49C3-86DB-B8F0F3513398}.Debug|x64.Build.0 = Debug|x64
		{07E880F8-3550-49C3-86DB-B8F0F3513398}.Debug|x64.Deploy.0 = Debug|x64
		{07E880F8-3550-49C3-86DB-B8F0F3513398}.Debug|x86.ActiveCfg = Debug|x86
		{07E880F8-3550-49C3-86DB-B8F0F3513398}.Debug|x86.Build.0 = Debug|x86
		{07E880F8-3550-49C3-86DB-B8F0F3513398}.Debug|x86.Deploy.0 = Debug|x86
		{07E880F8-3550-49C3-86DB-B8F0F3513398}.Release|Any CPU.ActiveCfg = Release|x64
		{07E880F8-3550-49C3-86DB-B8F0F3513398}.Release|Any CPU.Build.0 = Release|x64
		{07E880F8-3550-49C3-86DB-B8F0F3513398}.Release|Any CPU.Deploy.0 = Release|x64
		{07E880F8-3550-49C3-86DB-B8F0F3513398}.Release|ARM.ActiveCfg = Release|ARM
		{07E880F8-3550-49C3-86DB-B8F0F3513398}.Release|ARM.Build.0 = Release|ARM
		{07E880F8-3550-49C3-86DB-B8F0F3513398}.Release|ARM64.ActiveCfg = Release|ARM64
		{07E880F8-3550-49C3-86DB-B8F0F3513398}.Release|ARM64.Build.0 = Release|ARM64
		{07E880F8-3550-49C3-86DB-B8F0F3513398}.Release|x64.ActiveCfg = Release|x64
		{07E880F8-3550-49C3-86DB-B8F0F3513398}.Release|x64.Build.0 = Release|x64
		{07E880F8-3550-49C3-86DB-B8F0F3513398}.Release|x86.ActiveCfg = Release|x86
		{07E880F8-3550-49C3-86DB-B8F0F3513398}.Release|x86.Build.0 = Release|x86
		{F1747D4A-9DA9-4E3E-89C1-417DE90BC35D}.Debug|Any CPU.ActiveCfg = Debug|Any CPU
		{F1747D4A-9DA9-4E3E-89C1-417DE90BC35D}.Debug|Any CPU.Build.0 = Debug|Any CPU
		{F1747D4A-9DA9-4E3E-89C1-417DE90BC35D}.Debug|ARM.ActiveCfg = Debug|Any CPU
		{F1747D4A-9DA9-4E3E-89C1-417DE90BC35D}.Debug|ARM.Build.0 = Debug|Any CPU
		{F1747D4A-9DA9-4E3E-89C1-417DE90BC35D}.Debug|ARM64.ActiveCfg = Debug|Any CPU
		{F1747D4A-9DA9-4E3E-89C1-417DE90BC35D}.Debug|ARM64.Build.0 = Debug|Any CPU
		{F1747D4A-9DA9-4E3E-89C1-417DE90BC35D}.Debug|x64.ActiveCfg = Debug|Any CPU
		{F1747D4A-9DA9-4E3E-89C1-417DE90BC35D}.Debug|x64.Build.0 = Debug|Any CPU
		{F1747D4A-9DA9-4E3E-89C1-417DE90BC35D}.Debug|x86.ActiveCfg = Debug|Any CPU
		{F1747D4A-9DA9-4E3E-89C1-417DE90BC35D}.Debug|x86.Build.0 = Debug|Any CPU
		{F1747D4A-9DA9-4E3E-89C1-417DE90BC35D}.Release|Any CPU.ActiveCfg = Release|Any CPU
		{F1747D4A-9DA9-4E3E-89C1-417DE90BC35D}.Release|Any CPU.Build.0 = Release|Any CPU
		{F1747D4A-9DA9-4E3E-89C1-417DE90BC35D}.Release|ARM.ActiveCfg = Release|Any CPU
		{F1747D4A-9DA9-4E3E-89C1-417DE90BC35D}.Release|ARM.Build.0 = Release|Any CPU
		{F1747D4A-9DA9-4E3E-89C1-417DE90BC35D}.Release|ARM64.ActiveCfg = Release|Any CPU
		{F1747D4A-9DA9-4E3E-89C1-417DE90BC35D}.Release|ARM64.Build.0 = Release|Any CPU
		{F1747D4A-9DA9-4E3E-89C1-417DE90BC35D}.Release|x64.ActiveCfg = Release|Any CPU
		{F1747D4A-9DA9-4E3E-89C1-417DE90BC35D}.Release|x64.Build.0 = Release|Any CPU
		{F1747D4A-9DA9-4E3E-89C1-417DE90BC35D}.Release|x86.ActiveCfg = Release|Any CPU
		{F1747D4A-9DA9-4E3E-89C1-417DE90BC35D}.Release|x86.Build.0 = Release|Any CPU
		{5E21AC97-D3F5-4496-887F-27AB9F024AE6}.Debug|Any CPU.ActiveCfg = Debug|Any CPU
		{5E21AC97-D3F5-4496-887F-27AB9F024AE6}.Debug|Any CPU.Build.0 = Debug|Any CPU
		{5E21AC97-D3F5-4496-887F-27AB9F024AE6}.Debug|ARM.ActiveCfg = Debug|Any CPU
		{5E21AC97-D3F5-4496-887F-27AB9F024AE6}.Debug|ARM.Build.0 = Debug|Any CPU
		{5E21AC97-D3F5-4496-887F-27AB9F024AE6}.Debug|ARM64.ActiveCfg = Debug|Any CPU
		{5E21AC97-D3F5-4496-887F-27AB9F024AE6}.Debug|ARM64.Build.0 = Debug|Any CPU
		{5E21AC97-D3F5-4496-887F-27AB9F024AE6}.Debug|x64.ActiveCfg = Debug|Any CPU
		{5E21AC97-D3F5-4496-887F-27AB9F024AE6}.Debug|x64.Build.0 = Debug|Any CPU
		{5E21AC97-D3F5-4496-887F-27AB9F024AE6}.Debug|x86.ActiveCfg = Debug|Any CPU
		{5E21AC97-D3F5-4496-887F-27AB9F024AE6}.Debug|x86.Build.0 = Debug|Any CPU
		{5E21AC97-D3F5-4496-887F-27AB9F024AE6}.Release|Any CPU.ActiveCfg = Release|Any CPU
		{5E21AC97-D3F5-4496-887F-27AB9F024AE6}.Release|Any CPU.Build.0 = Release|Any CPU
		{5E21AC97-D3F5-4496-887F-27AB9F024AE6}.Release|ARM.ActiveCfg = Release|Any CPU
		{5E21AC97-D3F5-4496-887F-27AB9F024AE6}.Release|ARM.Build.0 = Release|Any CPU
		{5E21AC97-D3F5-4496-887F-27AB9F024AE6}.Release|ARM64.ActiveCfg = Release|Any CPU
		{5E21AC97-D3F5-4496-887F-27AB9F024AE6}.Release|ARM64.Build.0 = Release|Any CPU
		{5E21AC97-D3F5-4496-887F-27AB9F024AE6}.Release|x64.ActiveCfg = Release|Any CPU
		{5E21AC97-D3F5-4496-887F-27AB9F024AE6}.Release|x64.Build.0 = Release|Any CPU
		{5E21AC97-D3F5-4496-887F-27AB9F024AE6}.Release|x86.ActiveCfg = Release|Any CPU
		{5E21AC97-D3F5-4496-887F-27AB9F024AE6}.Release|x86.Build.0 = Release|Any CPU
		{2C931298-EEF0-4DCE-8B23-09735EDFF721}.Debug|Any CPU.ActiveCfg = Debug|Any CPU
		{2C931298-EEF0-4DCE-8B23-09735EDFF721}.Debug|Any CPU.Build.0 = Debug|Any CPU
		{2C931298-EEF0-4DCE-8B23-09735EDFF721}.Debug|ARM.ActiveCfg = Debug|ARM
		{2C931298-EEF0-4DCE-8B23-09735EDFF721}.Debug|ARM.Build.0 = Debug|ARM
		{2C931298-EEF0-4DCE-8B23-09735EDFF721}.Debug|ARM64.ActiveCfg = Debug|ARM64
		{2C931298-EEF0-4DCE-8B23-09735EDFF721}.Debug|ARM64.Build.0 = Debug|ARM64
		{2C931298-EEF0-4DCE-8B23-09735EDFF721}.Debug|x64.ActiveCfg = Debug|x64
		{2C931298-EEF0-4DCE-8B23-09735EDFF721}.Debug|x64.Build.0 = Debug|x64
		{2C931298-EEF0-4DCE-8B23-09735EDFF721}.Debug|x86.ActiveCfg = Debug|x86
		{2C931298-EEF0-4DCE-8B23-09735EDFF721}.Debug|x86.Build.0 = Debug|x86
		{2C931298-EEF0-4DCE-8B23-09735EDFF721}.Release|Any CPU.ActiveCfg = Release|Any CPU
		{2C931298-EEF0-4DCE-8B23-09735EDFF721}.Release|Any CPU.Build.0 = Release|Any CPU
		{2C931298-EEF0-4DCE-8B23-09735EDFF721}.Release|ARM.ActiveCfg = Release|ARM
		{2C931298-EEF0-4DCE-8B23-09735EDFF721}.Release|ARM.Build.0 = Release|ARM
		{2C931298-EEF0-4DCE-8B23-09735EDFF721}.Release|ARM64.ActiveCfg = Release|ARM64
		{2C931298-EEF0-4DCE-8B23-09735EDFF721}.Release|ARM64.Build.0 = Release|ARM64
		{2C931298-EEF0-4DCE-8B23-09735EDFF721}.Release|x64.ActiveCfg = Release|x64
		{2C931298-EEF0-4DCE-8B23-09735EDFF721}.Release|x64.Build.0 = Release|x64
		{2C931298-EEF0-4DCE-8B23-09735EDFF721}.Release|x86.ActiveCfg = Release|x86
		{2C931298-EEF0-4DCE-8B23-09735EDFF721}.Release|x86.Build.0 = Release|x86
		{4FD28559-2721-4935-985E-37EA9EAD9474}.Debug|Any CPU.ActiveCfg = Debug|Any CPU
		{4FD28559-2721-4935-985E-37EA9EAD9474}.Debug|Any CPU.Build.0 = Debug|Any CPU
		{4FD28559-2721-4935-985E-37EA9EAD9474}.Debug|ARM.ActiveCfg = Debug|ARM
		{4FD28559-2721-4935-985E-37EA9EAD9474}.Debug|ARM.Build.0 = Debug|ARM
		{4FD28559-2721-4935-985E-37EA9EAD9474}.Debug|ARM64.ActiveCfg = Debug|ARM64
		{4FD28559-2721-4935-985E-37EA9EAD9474}.Debug|ARM64.Build.0 = Debug|ARM64
		{4FD28559-2721-4935-985E-37EA9EAD9474}.Debug|x64.ActiveCfg = Debug|x64
		{4FD28559-2721-4935-985E-37EA9EAD9474}.Debug|x64.Build.0 = Debug|x64
		{4FD28559-2721-4935-985E-37EA9EAD9474}.Debug|x86.ActiveCfg = Debug|x86
		{4FD28559-2721-4935-985E-37EA9EAD9474}.Debug|x86.Build.0 = Debug|x86
		{4FD28559-2721-4935-985E-37EA9EAD9474}.Release|Any CPU.ActiveCfg = Release|Any CPU
		{4FD28559-2721-4935-985E-37EA9EAD9474}.Release|Any CPU.Build.0 = Release|Any CPU
		{4FD28559-2721-4935-985E-37EA9EAD9474}.Release|ARM.ActiveCfg = Release|ARM
		{4FD28559-2721-4935-985E-37EA9EAD9474}.Release|ARM.Build.0 = Release|ARM
		{4FD28559-2721-4935-985E-37EA9EAD9474}.Release|ARM64.ActiveCfg = Release|ARM64
		{4FD28559-2721-4935-985E-37EA9EAD9474}.Release|ARM64.Build.0 = Release|ARM64
		{4FD28559-2721-4935-985E-37EA9EAD9474}.Release|x64.ActiveCfg = Release|x64
		{4FD28559-2721-4935-985E-37EA9EAD9474}.Release|x64.Build.0 = Release|x64
		{4FD28559-2721-4935-985E-37EA9EAD9474}.Release|x86.ActiveCfg = Release|x86
		{4FD28559-2721-4935-985E-37EA9EAD9474}.Release|x86.Build.0 = Release|x86
		{95B918E4-AD86-45A6-BE1A-77399535BAD2}.Debug|Any CPU.ActiveCfg = Debug|x64
		{95B918E4-AD86-45A6-BE1A-77399535BAD2}.Debug|Any CPU.Build.0 = Debug|x64
		{95B918E4-AD86-45A6-BE1A-77399535BAD2}.Debug|ARM.ActiveCfg = Debug|ARM
		{95B918E4-AD86-45A6-BE1A-77399535BAD2}.Debug|ARM.Build.0 = Debug|ARM
		{95B918E4-AD86-45A6-BE1A-77399535BAD2}.Debug|ARM64.ActiveCfg = Debug|ARM64
		{95B918E4-AD86-45A6-BE1A-77399535BAD2}.Debug|ARM64.Build.0 = Debug|ARM64
		{95B918E4-AD86-45A6-BE1A-77399535BAD2}.Debug|x64.ActiveCfg = Debug|x64
		{95B918E4-AD86-45A6-BE1A-77399535BAD2}.Debug|x64.Build.0 = Debug|x64
		{95B918E4-AD86-45A6-BE1A-77399535BAD2}.Debug|x86.ActiveCfg = Debug|Win32
		{95B918E4-AD86-45A6-BE1A-77399535BAD2}.Debug|x86.Build.0 = Debug|Win32
		{95B918E4-AD86-45A6-BE1A-77399535BAD2}.Release|Any CPU.ActiveCfg = Release|x64
		{95B918E4-AD86-45A6-BE1A-77399535BAD2}.Release|Any CPU.Build.0 = Release|x64
		{95B918E4-AD86-45A6-BE1A-77399535BAD2}.Release|ARM.ActiveCfg = Release|ARM
		{95B918E4-AD86-45A6-BE1A-77399535BAD2}.Release|ARM.Build.0 = Release|ARM
		{95B918E4-AD86-45A6-BE1A-77399535BAD2}.Release|ARM64.ActiveCfg = Release|ARM64
		{95B918E4-AD86-45A6-BE1A-77399535BAD2}.Release|ARM64.Build.0 = Release|ARM64
		{95B918E4-AD86-45A6-BE1A-77399535BAD2}.Release|x64.ActiveCfg = Release|x64
		{95B918E4-AD86-45A6-BE1A-77399535BAD2}.Release|x64.Build.0 = Release|x64
		{95B918E4-AD86-45A6-BE1A-77399535BAD2}.Release|x86.ActiveCfg = Release|Win32
		{95B918E4-AD86-45A6-BE1A-77399535BAD2}.Release|x86.Build.0 = Release|Win32
		{2AC34852-36E1-4F04-A576-7765B487C3F1}.Debug|Any CPU.ActiveCfg = Debug|x64
		{2AC34852-36E1-4F04-A576-7765B487C3F1}.Debug|Any CPU.Build.0 = Debug|x64
		{2AC34852-36E1-4F04-A576-7765B487C3F1}.Debug|ARM.ActiveCfg = Debug|x64
		{2AC34852-36E1-4F04-A576-7765B487C3F1}.Debug|ARM.Build.0 = Debug|x64
		{2AC34852-36E1-4F04-A576-7765B487C3F1}.Debug|ARM64.ActiveCfg = Debug|x64
		{2AC34852-36E1-4F04-A576-7765B487C3F1}.Debug|ARM64.Build.0 = Debug|x64
		{2AC34852-36E1-4F04-A576-7765B487C3F1}.Debug|x64.ActiveCfg = Debug|x64
		{2AC34852-36E1-4F04-A576-7765B487C3F1}.Debug|x64.Build.0 = Debug|x64
		{2AC34852-36E1-4F04-A576-7765B487C3F1}.Debug|x86.ActiveCfg = Debug|Win32
		{2AC34852-36E1-4F04-A576-7765B487C3F1}.Debug|x86.Build.0 = Debug|Win32
		{2AC34852-36E1-4F04-A576-7765B487C3F1}.Release|Any CPU.ActiveCfg = Release|x64
		{2AC34852-36E1-4F04-A576-7765B487C3F1}.Release|Any CPU.Build.0 = Release|x64
		{2AC34852-36E1-4F04-A576-7765B487C3F1}.Release|ARM.ActiveCfg = Release|x64
		{2AC34852-36E1-4F04-A576-7765B487C3F1}.Release|ARM.Build.0 = Release|x64
		{2AC34852-36E1-4F04-A576-7765B487C3F1}.Release|ARM64.ActiveCfg = Release|x64
		{2AC34852-36E1-4F04-A576-7765B487C3F1}.Release|ARM64.Build.0 = Release|x64
		{2AC34852-36E1-4F04-A576-7765B487C3F1}.Release|x64.ActiveCfg = Release|x64
		{2AC34852-36E1-4F04-A576-7765B487C3F1}.Release|x64.Build.0 = Release|x64
		{2AC34852-36E1-4F04-A576-7765B487C3F1}.Release|x86.ActiveCfg = Release|Win32
		{2AC34852-36E1-4F04-A576-7765B487C3F1}.Release|x86.Build.0 = Release|Win32
	EndGlobalSection
	GlobalSection(SolutionProperties) = preSolution
		HideSolutionNode = FALSE
	EndGlobalSection
	GlobalSection(NestedProjects) = preSolution
		{5E21AC97-D3F5-4496-887F-27AB9F024AE6} = {BD08EAB8-F934-4D7F-8185-B2E5FC6C9207}
		{2C931298-EEF0-4DCE-8B23-09735EDFF721} = {03DCFC7C-7A64-4367-BEA0-1CCE5FFD1BB6}
		{4FD28559-2721-4935-985E-37EA9EAD9474} = {03DCFC7C-7A64-4367-BEA0-1CCE5FFD1BB6}
		{8F018EB9-C80F-403E-9476-13C7AF342CAF} = {03DCFC7C-7A64-4367-BEA0-1CCE5FFD1BB6}
		{95B918E4-AD86-45A6-BE1A-77399535BAD2} = {03DCFC7C-7A64-4367-BEA0-1CCE5FFD1BB6}
		{2AC34852-36E1-4F04-A576-7765B487C3F1} = {BD08EAB8-F934-4D7F-8185-B2E5FC6C9207}
	EndGlobalSection
	GlobalSection(ExtensibilityGlobals) = postSolution
		SolutionGuid = {F23AB104-4138-4C8F-A8E0-32B9AF58F7E2}
	EndGlobalSection
EndGlobal
