
Microsoft Visual Studio Solution File, Format Version 12.00
# Visual Studio Version 17
VisualStudioVersion = 17.0.31903.59
MinimumVisualStudioVersion = 10.0.40219.1
Project("{8BC9CEB8-8B4A-11D0-8D11-00A0C91BC942}") = "OneToolkit", "OneToolkit\OneToolkit.vcxproj", "{0DD5EDD3-19B8-4924-8DF1-ADD70803E693}"
EndProject
Project("{9A19103F-16F7-4668-BE54-9A1E7A4F7556}") = "OneToolkit.Dotnet", "OneToolkit.Dotnet\OneToolkit.Dotnet.csproj", "{EF690EBE-5BFE-428E-9E39-D0EF06B1FD1C}"
EndProject
Project("{8BC9CEB8-8B4A-11D0-8D11-00A0C91BC942}") = "OneToolkit.UI.Xaml.Uwp", "OneToolkit.UI.Xaml.Uwp\OneToolkit.UI.Xaml.Uwp.vcxproj", "{95B918E4-AD86-45A6-BE1A-77399535BAD2}"
EndProject
Project("{2150E333-8FDC-42A3-9474-1A3956D46DE8}") = "juv", "juv", "{A31BD13B-9396-4772-B6A9-4C61343A72AC}"
	ProjectSection(SolutionItems) = preProject
		juv\build.cmd = juv\build.cmd
		juv\debug-trap.h = juv\debug-trap.h
		juv\juv.h = juv\juv.h
		juv\juv.ixx = juv\juv.ixx
		juv\juv.nuspec = juv\juv.nuspec
		juv\juv.props = juv\juv.props
	EndProjectSection
EndProject
Project("{FAE04EC0-301F-11D3-BF4B-00C04F79EFBC}") = "OneToolkit.Showcase", "OneToolkit.Showcase\OneToolkit.Showcase.csproj", "{07E880F8-3550-49C3-86DB-B8F0F3513398}"
EndProject
Project("{8BC9CEB8-8B4A-11D0-8D11-00A0C91BC942}") = "OneToolkit.UI.Xaml.Shared", "OneToolkit.UI.Xaml.Shared\OneToolkit.UI.Xaml.Shared.vcxitems", "{8F018EB9-C80F-403E-9476-13C7AF342CAF}"
EndProject
Project("{8BC9CEB8-8B4A-11D0-8D11-00A0C91BC942}") = "OneToolkit.UI.Xaml.WinUI", "OneToolkit.UI.Xaml.WinUI\OneToolkit.UI.Xaml.WinUI.vcxproj", "{22FEF31E-10AC-458F-9F7B-1B184B487DAA}"
EndProject
Project("{9A19103F-16F7-4668-BE54-9A1E7A4F7556}") = "OneToolkit.DocsCore", "OneToolkit.DocsCore\OneToolkit.DocsCore.csproj", "{F1747D4A-9DA9-4E3E-89C1-417DE90BC35D}"
EndProject
Global
	GlobalSection(SharedMSBuildProjectFiles) = preSolution
		OneToolkit.UI.Xaml.Shared\OneToolkit.UI.Xaml.Shared.vcxitems*{22fef31e-10ac-458f-9f7b-1b184b487daa}*SharedItemsImports = 4
		OneToolkit.UI.Xaml.Shared\OneToolkit.UI.Xaml.Shared.vcxitems*{8f018eb9-c80f-403e-9476-13c7af342caf}*SharedItemsImports = 9
		OneToolkit.UI.Xaml.Shared\OneToolkit.UI.Xaml.Shared.vcxitems*{95b918e4-ad86-45a6-be1a-77399535bad2}*SharedItemsImports = 4
	EndGlobalSection
	GlobalSection(SolutionConfigurationPlatforms) = preSolution
		Debug|ARM = Debug|ARM
		Debug|ARM64 = Debug|ARM64
		Debug|x64 = Debug|x64
		Debug|x86 = Debug|x86
		Release|ARM = Release|ARM
		Release|ARM64 = Release|ARM64
		Release|x64 = Release|x64
		Release|x86 = Release|x86
	EndGlobalSection
	GlobalSection(ProjectConfigurationPlatforms) = postSolution
		{0DD5EDD3-19B8-4924-8DF1-ADD70803E693}.Debug|ARM.ActiveCfg = Debug|ARM
		{0DD5EDD3-19B8-4924-8DF1-ADD70803E693}.Debug|ARM.Build.0 = Debug|ARM
		{0DD5EDD3-19B8-4924-8DF1-ADD70803E693}.Debug|ARM64.ActiveCfg = Debug|ARM64
		{0DD5EDD3-19B8-4924-8DF1-ADD70803E693}.Debug|ARM64.Build.0 = Debug|ARM64
		{0DD5EDD3-19B8-4924-8DF1-ADD70803E693}.Debug|x64.ActiveCfg = Debug|x64
		{0DD5EDD3-19B8-4924-8DF1-ADD70803E693}.Debug|x64.Build.0 = Debug|x64
		{0DD5EDD3-19B8-4924-8DF1-ADD70803E693}.Debug|x86.ActiveCfg = Debug|Win32
		{0DD5EDD3-19B8-4924-8DF1-ADD70803E693}.Debug|x86.Build.0 = Debug|Win32
		{0DD5EDD3-19B8-4924-8DF1-ADD70803E693}.Release|ARM.ActiveCfg = Release|ARM
		{0DD5EDD3-19B8-4924-8DF1-ADD70803E693}.Release|ARM.Build.0 = Release|ARM
		{0DD5EDD3-19B8-4924-8DF1-ADD70803E693}.Release|ARM64.ActiveCfg = Release|ARM64
		{0DD5EDD3-19B8-4924-8DF1-ADD70803E693}.Release|ARM64.Build.0 = Release|ARM64
		{0DD5EDD3-19B8-4924-8DF1-ADD70803E693}.Release|x64.ActiveCfg = Release|x64
		{0DD5EDD3-19B8-4924-8DF1-ADD70803E693}.Release|x64.Build.0 = Release|x64
		{0DD5EDD3-19B8-4924-8DF1-ADD70803E693}.Release|x86.ActiveCfg = Release|Win32
		{0DD5EDD3-19B8-4924-8DF1-ADD70803E693}.Release|x86.Build.0 = Release|Win32
		{EF690EBE-5BFE-428E-9E39-D0EF06B1FD1C}.Debug|ARM.ActiveCfg = Debug|Any CPU
		{EF690EBE-5BFE-428E-9E39-D0EF06B1FD1C}.Debug|ARM.Build.0 = Debug|Any CPU
		{EF690EBE-5BFE-428E-9E39-D0EF06B1FD1C}.Debug|ARM64.ActiveCfg = Debug|Any CPU
		{EF690EBE-5BFE-428E-9E39-D0EF06B1FD1C}.Debug|ARM64.Build.0 = Debug|Any CPU
		{EF690EBE-5BFE-428E-9E39-D0EF06B1FD1C}.Debug|x64.ActiveCfg = Debug|Any CPU
		{EF690EBE-5BFE-428E-9E39-D0EF06B1FD1C}.Debug|x64.Build.0 = Debug|Any CPU
		{EF690EBE-5BFE-428E-9E39-D0EF06B1FD1C}.Debug|x86.ActiveCfg = Debug|Any CPU
		{EF690EBE-5BFE-428E-9E39-D0EF06B1FD1C}.Debug|x86.Build.0 = Debug|Any CPU
		{EF690EBE-5BFE-428E-9E39-D0EF06B1FD1C}.Release|ARM.ActiveCfg = Release|Any CPU
		{EF690EBE-5BFE-428E-9E39-D0EF06B1FD1C}.Release|ARM.Build.0 = Release|Any CPU
		{EF690EBE-5BFE-428E-9E39-D0EF06B1FD1C}.Release|ARM64.ActiveCfg = Release|Any CPU
		{EF690EBE-5BFE-428E-9E39-D0EF06B1FD1C}.Release|ARM64.Build.0 = Release|Any CPU
		{EF690EBE-5BFE-428E-9E39-D0EF06B1FD1C}.Release|x64.ActiveCfg = Release|Any CPU
		{EF690EBE-5BFE-428E-9E39-D0EF06B1FD1C}.Release|x64.Build.0 = Release|Any CPU
		{EF690EBE-5BFE-428E-9E39-D0EF06B1FD1C}.Release|x86.ActiveCfg = Release|Any CPU
		{EF690EBE-5BFE-428E-9E39-D0EF06B1FD1C}.Release|x86.Build.0 = Release|Any CPU
		{95B918E4-AD86-45A6-BE1A-77399535BAD2}.Debug|ARM.ActiveCfg = Debug|ARM
		{95B918E4-AD86-45A6-BE1A-77399535BAD2}.Debug|ARM.Build.0 = Debug|ARM
		{95B918E4-AD86-45A6-BE1A-77399535BAD2}.Debug|ARM64.ActiveCfg = Debug|ARM64
		{95B918E4-AD86-45A6-BE1A-77399535BAD2}.Debug|ARM64.Build.0 = Debug|ARM64
		{95B918E4-AD86-45A6-BE1A-77399535BAD2}.Debug|x64.ActiveCfg = Debug|x64
		{95B918E4-AD86-45A6-BE1A-77399535BAD2}.Debug|x64.Build.0 = Debug|x64
		{95B918E4-AD86-45A6-BE1A-77399535BAD2}.Debug|x86.ActiveCfg = Debug|Win32
		{95B918E4-AD86-45A6-BE1A-77399535BAD2}.Debug|x86.Build.0 = Debug|Win32
		{95B918E4-AD86-45A6-BE1A-77399535BAD2}.Release|ARM.ActiveCfg = Release|ARM
		{95B918E4-AD86-45A6-BE1A-77399535BAD2}.Release|ARM.Build.0 = Release|ARM
		{95B918E4-AD86-45A6-BE1A-77399535BAD2}.Release|ARM64.ActiveCfg = Release|ARM64
		{95B918E4-AD86-45A6-BE1A-77399535BAD2}.Release|ARM64.Build.0 = Release|ARM64
		{95B918E4-AD86-45A6-BE1A-77399535BAD2}.Release|x64.ActiveCfg = Release|x64
		{95B918E4-AD86-45A6-BE1A-77399535BAD2}.Release|x64.Build.0 = Release|x64
		{95B918E4-AD86-45A6-BE1A-77399535BAD2}.Release|x86.ActiveCfg = Release|Win32
		{95B918E4-AD86-45A6-BE1A-77399535BAD2}.Release|x86.Build.0 = Release|Win32
		{07E880F8-3550-49C3-86DB-B8F0F3513398}.Debug|ARM.ActiveCfg = Debug|ARM
		{07E880F8-3550-49C3-86DB-B8F0F3513398}.Debug|ARM.Build.0 = Debug|ARM
		{07E880F8-3550-49C3-86DB-B8F0F3513398}.Debug|ARM64.ActiveCfg = Debug|ARM64
		{07E880F8-3550-49C3-86DB-B8F0F3513398}.Debug|ARM64.Build.0 = Debug|ARM64
		{07E880F8-3550-49C3-86DB-B8F0F3513398}.Debug|x64.ActiveCfg = Debug|x64
		{07E880F8-3550-49C3-86DB-B8F0F3513398}.Debug|x64.Build.0 = Debug|x64
		{07E880F8-3550-49C3-86DB-B8F0F3513398}.Debug|x64.Deploy.0 = Debug|x64
		{07E880F8-3550-49C3-86DB-B8F0F3513398}.Debug|x86.ActiveCfg = Debug|x86
		{07E880F8-3550-49C3-86DB-B8F0F3513398}.Debug|x86.Build.0 = Debug|x86
		{07E880F8-3550-49C3-86DB-B8F0F3513398}.Debug|x86.Deploy.0 = Debug|x86
		{07E880F8-3550-49C3-86DB-B8F0F3513398}.Release|ARM.ActiveCfg = Release|ARM
		{07E880F8-3550-49C3-86DB-B8F0F3513398}.Release|ARM.Build.0 = Release|ARM
		{07E880F8-3550-49C3-86DB-B8F0F3513398}.Release|ARM64.ActiveCfg = Release|ARM64
		{07E880F8-3550-49C3-86DB-B8F0F3513398}.Release|ARM64.Build.0 = Release|ARM64
		{07E880F8-3550-49C3-86DB-B8F0F3513398}.Release|x64.ActiveCfg = Release|x64
		{07E880F8-3550-49C3-86DB-B8F0F3513398}.Release|x64.Build.0 = Release|x64
		{07E880F8-3550-49C3-86DB-B8F0F3513398}.Release|x86.ActiveCfg = Release|x86
		{07E880F8-3550-49C3-86DB-B8F0F3513398}.Release|x86.Build.0 = Release|x86
		{22FEF31E-10AC-458F-9F7B-1B184B487DAA}.Debug|ARM.ActiveCfg = Debug|ARM
		{22FEF31E-10AC-458F-9F7B-1B184B487DAA}.Debug|ARM.Build.0 = Debug|ARM
		{22FEF31E-10AC-458F-9F7B-1B184B487DAA}.Debug|ARM64.ActiveCfg = Debug|ARM64
		{22FEF31E-10AC-458F-9F7B-1B184B487DAA}.Debug|ARM64.Build.0 = Debug|ARM64
		{22FEF31E-10AC-458F-9F7B-1B184B487DAA}.Debug|x64.ActiveCfg = Debug|x64
		{22FEF31E-10AC-458F-9F7B-1B184B487DAA}.Debug|x64.Build.0 = Debug|x64
		{22FEF31E-10AC-458F-9F7B-1B184B487DAA}.Debug|x86.ActiveCfg = Debug|Win32
		{22FEF31E-10AC-458F-9F7B-1B184B487DAA}.Debug|x86.Build.0 = Debug|Win32
		{22FEF31E-10AC-458F-9F7B-1B184B487DAA}.Release|ARM.ActiveCfg = Release|ARM
		{22FEF31E-10AC-458F-9F7B-1B184B487DAA}.Release|ARM.Build.0 = Release|ARM
		{22FEF31E-10AC-458F-9F7B-1B184B487DAA}.Release|ARM64.ActiveCfg = Release|ARM64
		{22FEF31E-10AC-458F-9F7B-1B184B487DAA}.Release|ARM64.Build.0 = Release|ARM64
		{22FEF31E-10AC-458F-9F7B-1B184B487DAA}.Release|x64.ActiveCfg = Release|x64
		{22FEF31E-10AC-458F-9F7B-1B184B487DAA}.Release|x64.Build.0 = Release|x64
		{22FEF31E-10AC-458F-9F7B-1B184B487DAA}.Release|x86.ActiveCfg = Release|Win32
		{22FEF31E-10AC-458F-9F7B-1B184B487DAA}.Release|x86.Build.0 = Release|Win32
		{F1747D4A-9DA9-4E3E-89C1-417DE90BC35D}.Debug|ARM.ActiveCfg = Debug|Any CPU
		{F1747D4A-9DA9-4E3E-89C1-417DE90BC35D}.Debug|ARM.Build.0 = Debug|Any CPU
		{F1747D4A-9DA9-4E3E-89C1-417DE90BC35D}.Debug|ARM64.ActiveCfg = Debug|Any CPU
		{F1747D4A-9DA9-4E3E-89C1-417DE90BC35D}.Debug|ARM64.Build.0 = Debug|Any CPU
		{F1747D4A-9DA9-4E3E-89C1-417DE90BC35D}.Debug|x64.ActiveCfg = Debug|Any CPU
		{F1747D4A-9DA9-4E3E-89C1-417DE90BC35D}.Debug|x64.Build.0 = Debug|Any CPU
		{F1747D4A-9DA9-4E3E-89C1-417DE90BC35D}.Debug|x86.ActiveCfg = Debug|Any CPU
		{F1747D4A-9DA9-4E3E-89C1-417DE90BC35D}.Debug|x86.Build.0 = Debug|Any CPU
		{F1747D4A-9DA9-4E3E-89C1-417DE90BC35D}.Release|ARM.ActiveCfg = Release|Any CPU
		{F1747D4A-9DA9-4E3E-89C1-417DE90BC35D}.Release|ARM.Build.0 = Release|Any CPU
		{F1747D4A-9DA9-4E3E-89C1-417DE90BC35D}.Release|ARM64.ActiveCfg = Release|Any CPU
		{F1747D4A-9DA9-4E3E-89C1-417DE90BC35D}.Release|ARM64.Build.0 = Release|Any CPU
		{F1747D4A-9DA9-4E3E-89C1-417DE90BC35D}.Release|x64.ActiveCfg = Release|Any CPU
		{F1747D4A-9DA9-4E3E-89C1-417DE90BC35D}.Release|x64.Build.0 = Release|Any CPU
		{F1747D4A-9DA9-4E3E-89C1-417DE90BC35D}.Release|x86.ActiveCfg = Release|Any CPU
		{F1747D4A-9DA9-4E3E-89C1-417DE90BC35D}.Release|x86.Build.0 = Release|Any CPU
	EndGlobalSection
	GlobalSection(SolutionProperties) = preSolution
		HideSolutionNode = FALSE
	EndGlobalSection
	GlobalSection(ExtensibilityGlobals) = postSolution
		SolutionGuid = {F23AB104-4138-4C8F-A8E0-32B9AF58F7E2}
	EndGlobalSection
EndGlobal
