<?xml version="1.0" encoding="utf-8"?>
<Project ToolsVersion="15.0" xmlns="http://schemas.microsoft.com/developer/msbuild/2003">
  <ItemGroup>
    <ClCompile Include="pch.cpp" />
    <ClCompile Include="CustomControl.cpp" />
  </ItemGroup>
  <ItemGroup>
    <ClInclude Include="pch.h" />
    <ClInclude Include="CustomControl.h" />
  </ItemGroup>
  <ItemGroup>
    <None Include="packages.config" />
  </ItemGroup>
  <ItemGroup>
    <Filter Include="Controls">
      <UniqueIdentifier>{44220021-743a-4e52-82d8-8022be11cb6f}</UniqueIdentifier>
    </Filter>
  </ItemGroup>
  <ItemGroup>
    <Page Include="..\OneToolkit.UI.Xaml.Shared\DescriptiveButton.xaml">
      <Filter>Controls</Filter>
    </Page>
    <Page Include="..\OneToolkit.UI.Xaml.Shared\HubPanel.xaml">
      <Filter>Controls</Filter>
    </Page>
    <Page Include="..\OneToolkit.UI.Xaml.Shared\HubPanelSection.xaml">
      <Filter>Controls</Filter>
    </Page>
    <Page Include="Themes\Generic.xaml" />
  </ItemGroup>
</Project>