<?xml version="1.0" encoding="utf-8"?>
<Project ToolsVersion="15.0" xmlns="http://schemas.microsoft.com/developer/msbuild/2003">
  <ItemGroup>
    <Filter Include="Resources">
      <UniqueIdentifier>a940e529-311c-4630-9e7a-800a9117be03</UniqueIdentifier>
      <Extensions>rc;ico;cur;bmp;dlg;rc2;rct;bin;rgs;gif;jpg;jpeg;jpe;resx;tga;tiff;tif;png;wav;mfcribbon-ms</Extensions>
    </Filter>
    <Filter Include="Controls">
      <UniqueIdentifier>{aa8a7dac-78ae-46d7-9983-49b1028ce6a1}</UniqueIdentifier>
    </Filter>
    <Filter Include="Media">
      <UniqueIdentifier>{bc487bf6-1aff-412c-af1e-2655f2ebc59b}</UniqueIdentifier>
    </Filter>
    <Filter Include="Media\Animation">
      <UniqueIdentifier>{5a2f1282-7db3-43dc-8a6f-2cfb8238ea35}</UniqueIdentifier>
    </Filter>
    <Filter Include="Converters">
      <UniqueIdentifier>{4b931766-07a2-45e0-bee1-7f3fd2448bbd}</UniqueIdentifier>
    </Filter>
  </ItemGroup>
  <ItemGroup>
    <ClCompile Include="pch.cpp" />
    <ClCompile Include="ContentDialogHelper.cpp">
      <Filter>Controls</Filter>
    </ClCompile>
    <ClCompile Include="SlideContentTransition.cpp">
      <Filter>Media\Animation</Filter>
    </ClCompile>
    <ClCompile Include="WindowHelper.cpp" />
    <ClCompile Include="StringToTypeConverter.cpp">
      <Filter>Converters</Filter>
    </ClCompile>
  </ItemGroup>
  <ItemGroup>
    <ClInclude Include="pch.h" />
    <ClInclude Include="OneToolkit.UI.Xaml.h" />
    <ClInclude Include="IContentTransition.h">
      <Filter>Media\Animation</Filter>
    </ClInclude>
    <ClInclude Include="DefaultContentTransition.h">
      <Filter>Media\Animation</Filter>
    </ClInclude>
    <ClInclude Include="SlideContentTransition.h">
      <Filter>Media\Animation</Filter>
    </ClInclude>
  </ItemGroup>
  <ItemGroup>
    <Page Include="DescriptiveButton.xaml">
      <Filter>Controls</Filter>
    </Page>
    <Page Include="HubPanel.xaml">
      <Filter>Controls</Filter>
    </Page>
    <Page Include="HubPanelSection.xaml">
      <Filter>Controls</Filter>
    </Page>
    <Page Include="Styles.xaml" />
    <Page Include="ContentFrame.xaml">
      <Filter>Controls</Filter>
    </Page>
  </ItemGroup>
  <ItemGroup>
    <None Include="packages.config" />
    <None Include="StringLocalizationConverter.cpp">
      <Filter>Converters</Filter>
    </None>
  </ItemGroup>
</Project>