<?xml version="1.0" encoding="utf-8"?>
<Project ToolsVersion="15.0" xmlns="http://schemas.microsoft.com/developer/msbuild/2003">
  <ItemGroup>
    <Filter Include="Resources">
      <UniqueIdentifier>a940e529-311c-4630-9e7a-800a9117be03</UniqueIdentifier>
      <Extensions>rc;ico;cur;bmp;dlg;rc2;rct;bin;rgs;gif;jpg;jpeg;jpe;resx;tga;tiff;tif;png;wav;mfcribbon-ms</Extensions>
    </Filter>
    <Filter Include="Controls">
      <UniqueIdentifier>{aa8a7dac-78ae-46d7-9983-49b1028ce6a1}</UniqueIdentifier>
    </Filter>
    <Filter Include="Triggers">
      <UniqueIdentifier>{b05a9ddc-d45a-4bd7-80d8-7b3bf7e8f484}</UniqueIdentifier>
    </Filter>
  </ItemGroup>
  <ItemGroup>
    <ClCompile Include="pch.cpp" />
    <ClCompile Include="FullScreenStateTrigger.cpp">
      <Filter>Triggers</Filter>
    </ClCompile>
  </ItemGroup>
  <ItemGroup>
    <ClInclude Include="pch.h" />
    <ClInclude Include="OneToolkit.UI.Xaml.h" />
  </ItemGroup>
  <ItemGroup>
    <Page Include="DescriptiveButton.xaml">
      <Filter>Controls</Filter>
    </Page>
    <Page Include="HubPanel.xaml">
      <Filter>Controls</Filter>
    </Page>
    <Page Include="HubPanelSection.xaml">
      <Filter>Controls</Filter>
    </Page>
    <Page Include="Styles.xaml" />
  </ItemGroup>
  <ItemGroup>
    <None Include="OneToolkit.UI.Xaml.targets" />
    <None Include="packages.config" />
  </ItemGroup>
</Project>