<?xml version="1.0" encoding="utf-8"?>
<Project ToolsVersion="15.0" xmlns="http://schemas.microsoft.com/developer/msbuild/2003">
  <ItemGroup>
    <Filter Include="Resources">
      <UniqueIdentifier>a940e529-311c-4630-9e7a-800a9117be03</UniqueIdentifier>
      <Extensions>rc;ico;cur;bmp;dlg;rc2;rct;bin;rgs;gif;jpg;jpeg;jpe;resx;tga;tiff;tif;png;wav;mfcribbon-ms</Extensions>
    </Filter>
  </ItemGroup>
  <ItemGroup>
    <ClCompile Include="pch.cpp" />
    <ClCompile Include="NavigationViewItemHelper.cpp" />
    <ClCompile Include="PageViewLinkItem.cpp" />
    <ClCompile Include="IconSourceHelper.cpp" />
    <ClCompile Include="KeyboardAcceleratorHelper.cpp" />
    <ClCompile Include="PageViewContentItem.cpp" />
  </ItemGroup>
  <ItemGroup>
    <ClInclude Include="pch.h" />
    <ClInclude Include="PageViewLinkItem.h" />
    <ClInclude Include="IconSourceHelper.h" />
    <ClInclude Include="KeyboardAcceleratorHelper.h" />
    <ClInclude Include="IPageViewItem.h" />
    <ClInclude Include="PageViewContentItem.h" />
  </ItemGroup>
  <ItemGroup>
    <Page Include="PageView.xaml" />
    <Page Include="HubPanel.xaml" />
    <Page Include="HubPanelSection.xaml" />
    <Page Include="Styles.xaml" />
    <Page Include="DescriptiveButton.xaml" />
  </ItemGroup>
  <ItemGroup>
    <None Include="packages.config" />
  </ItemGroup>
</Project>